{
  "version": 1,
  "dependencies": {
    "net10.0": {
      "Dapper": {
        "type": "Direct",
        "requested": "[2.1.72, )",
        "resolved": "2.1.72",
        "contentHash": "ns4mGqQd9a/MhP8m6w556vVlZIa0/MfUu03zrxjZC/jlr1uVCsUac8bkdB+Fs98Llbd56rRSo1eZH5VVmeGZyw=="
      },
      "Dapper.AOT": {
        "type": "Direct",
        "requested": "[1.0.48, )",
        "resolved": "1.0.48",
        "contentHash": "rsLM3yKr4g+YKKox9lhc8D+kz67P7Q9+xdyn1LmCsoYr1kYpJSm+Nt6slo5UrfUrcTiGJ57zUlyO8XUdV7G7iA=="
      },
      "DotNet.ReproducibleBuilds": {
        "type": "Direct",
        "requested": "[2.0.2, )",
        "resolved": "2.0.2",
        "contentHash": "VaHoEN6YHp0jXucxm67vfuRy8zo9ufiKSuaZ4ZudRi8xmWcEFMKxfCsg2nvYNvdISFTURDu+IHqADGh53+Bamw=="
      },
      "Klinkby.Booqr.Infrastructure.Generators": {
        "type": "Direct",
        "requested": "[1.1.3, )",
        "resolved": "1.1.3",
        "contentHash": "uMBjXBwUzIWue/OSqYz13+6PVs9bOkRKaVt/Bxx5kxS7z1vTXUkR6gf2E99mWh0QafZnmM0MknFOttclOQHoHA=="
      },
      "Microsoft.Extensions.Configuration": {
        "type": "Direct",
        "requested": "[10.0.5, )",
        "resolved": "10.0.5",
        "contentHash": "8Rx5sqg04FttxrumyG6bmoRuFRgYzK6IVwF1i0/o0cXfKBdDeVpJejKHtJCMjyg9E/DNMVqpqOGe/tCT5gYvVA==",
        "dependencies": {
          "Microsoft.Extensions.Configuration.Abstractions": "10.0.5",
          "Microsoft.Extensions.Primitives": "10.0.5"
        }
      },
      "Microsoft.Extensions.DependencyInjection": {
        "type": "Direct",
        "requested": "[10.0.5, )",
        "resolved": "10.0.5",
        "contentHash": "v1SVsowG6YE1YnHVGmLWz57YTRCQRx9pH5ebIESXfm5isI9gA3QaMyg/oMTzPpXYZwSAVDzYItGJKfmV+pqXkQ==",
        "dependencies": {
          "Microsoft.Extensions.DependencyInjection.Abstractions": "10.0.5"
        }
      },
      "Microsoft.Extensions.DependencyInjection.Abstractions": {
        "type": "Direct",
        "requested": "[10.0.5, )",
        "resolved": "10.0.5",
        "contentHash": "iVMtq9eRvzyhx8949EGT0OCYJfXi737SbRVzWXE5GrOgGj5AaZ9eUuxA/BSUfmOMALKn/g8KfFaNQw0eiB3lyA=="
      },
      "Microsoft.Extensions.Http.Resilience": {
        "type": "Direct",
        "requested": "[10.4.0, )",
        "resolved": "10.4.0",
        "contentHash": "HbkUsPUC7vLy2TaDbdA9aooW64n9yX4sUppRuiJ1cOzzU1FUW+MVEotm6kYVq6AuUI9xwFSBhRFzA03blmk3VA==",
        "dependencies": {
          "Microsoft.Extensions.Http.Diagnostics": "10.4.0",
          "Microsoft.Extensions.ObjectPool": "10.0.4",
          "Microsoft.Extensions.Resilience": "10.4.0"
        }
      },
      "Microsoft.Extensions.Options.ConfigurationExtensions": {
        "type": "Direct",
        "requested": "[10.0.5, )",
        "resolved": "10.0.5",
        "contentHash": "BB9uUW3+6Rxu1R97OB1H/13lUF8P2+H1+eDhpZlK30kDh/6E4EKHBUqTp+ilXQmZLzsRErxON8aBSR6WpUKJdg==",
        "dependencies": {
          "Microsoft.Extensions.Configuration.Abstractions": "10.0.5",
          "Microsoft.Extensions.Configuration.Binder": "10.0.5",
          "Microsoft.Extensions.DependencyInjection.Abstractions": "10.0.5",
          "Microsoft.Extensions.Options": "10.0.5",
          "Microsoft.Extensions.Primitives": "10.0.5"
        }
      },
      "Microsoft.Extensions.Options.DataAnnotations": {
        "type": "Direct",
        "requested": "[10.0.5, )",
        "resolved": "10.0.5",
        "contentHash": "7ppWj91azQGm0WAcNHHsEOfeFXKyThi6XhPFjsnplCJ1LltM9Zo9XqFF6OkRac78ME464A6xBU6HEt7+3TdRug==",
        "dependencies": {
          "Microsoft.Extensions.DependencyInjection.Abstractions": "10.0.5",
          "Microsoft.Extensions.Options": "10.0.5"
        }
      },
      "Npgsql.DependencyInjection": {
        "type": "Direct",
        "requested": "[10.0.2, )",
        "resolved": "10.0.2",
        "contentHash": "/Efri6iP5Z2kj3amM/WPMoa0pzOBaIM+C+uMXltaBMu2hVZciNluuK51Mn2FmWKhqwTcMZdwHYUfbm8LbKRJMQ==",
        "dependencies": {
          "Microsoft.Extensions.DependencyInjection.Abstractions": "8.0.0",
          "Npgsql": "10.0.2"
        }
      },
      "ServiceScan.SourceGenerator": {
        "type": "Direct",
        "requested": "[3.0.3, )",
        "resolved": "3.0.3",
        "contentHash": "mVPrxHjDZfijKVEER8rMRPYKwEG1m+2CEnb17+guStM00PKfMLn6sy6VCobffmqg/TnE4ZMZ0sDwQOpz/OiioA=="
      },
      "SmartAnalyzers.ExceptionAnalyzer": {
        "type": "Direct",
        "requested": "[1.0.10, )",
        "resolved": "1.0.10",
        "contentHash": "vK2QCxSPUDXvxvgf60qqnHzpsNvW4D5yJpOyTKQbr8odSPw4M1GmDIUJuILfQo/QJb/FAE2Zzebr9pNpmbjxdw=="
      },
      "Microsoft.Extensions.AmbientMetadata.Application": {
        "type": "Transitive",
        "resolved": "10.4.0",
        "contentHash": "bovnONzrr/JIc+w343i857rJEb7cQH9UzEjbV5n67agWBEYICGQb8xiqYz5+GoFXp6mKEKLwYCQGttMU1p5yXQ==",
        "dependencies": {
          "Microsoft.Extensions.Configuration": "10.0.4",
          "Microsoft.Extensions.Hosting.Abstractions": "10.0.4",
          "Microsoft.Extensions.Options.ConfigurationExtensions": "10.0.4"
        }
      },
      "Microsoft.Extensions.Compliance.Abstractions": {
        "type": "Transitive",
        "resolved": "10.4.0",
        "contentHash": "4WkknDbVrHNf+S6fwSt1OAXlGJ/G/QrtJlqx4aNzOLmeT3GRyxpGLZn+Q3UV+RMRAF6FfsijEZBg2ZAW8bTAkg==",
        "dependencies": {
          "Microsoft.Extensions.DependencyInjection.Abstractions": "10.0.4",
          "Microsoft.Extensions.ObjectPool": "10.0.4"
        }
      },
      "Microsoft.Extensions.Configuration.Abstractions": {
        "type": "Transitive",
        "resolved": "10.0.5",
        "contentHash": "P09QpTHjqHmCLQOTC+WyLkoRNxek4NIvfWt+TnU0etoDUSRxcltyd6+j/ouRbMdLR0j44GqGO+lhI2M4fAHG4g==",
        "dependencies": {
          "Microsoft.Extensions.Primitives": "10.0.5"
        }
      },
      "Microsoft.Extensions.Configuration.Binder": {
        "type": "Transitive",
        "resolved": "10.0.5",
        "contentHash": "99Z4rjyXopb1MIazDSPcvwYCUdYNO01Cf1GUs2WUjIFAbkGmwzj2vPa2k+3pheJRV+YgNd2QqRKHAri0oBAU4Q==",
        "dependencies": {
          "Microsoft.Extensions.Configuration": "10.0.5",
          "Microsoft.Extensions.Configuration.Abstractions": "10.0.5"
        }
      },
      "Microsoft.Extensions.DependencyInjection.AutoActivation": {
        "type": "Transitive",
        "resolved": "10.4.0",
        "contentHash": "ksmUG2SFTcXzYdyoLOdeSM/qYLRGN6qbbSzYVkwMK9xsctfR1hYkUayeOpFCMd7L+QSlYX72mK9wxwdgQxyS4g==",
        "dependencies": {
          "Microsoft.Extensions.Hosting.Abstractions": "10.0.4"
        }
      },
      "Microsoft.Extensions.Diagnostics": {
        "type": "Transitive",
        "resolved": "10.0.4",
        "contentHash": "R9W7AttMedwOwJ7wRqTGBoVbX2JmlyWA+LJQUhizmS7Be9f6EJUn/+lvaIYDrOYtA1UzAfrwU871hpvZSPyIkg==",
        "dependencies": {
          "Microsoft.Extensions.Configuration": "10.0.4",
          "Microsoft.Extensions.Diagnostics.Abstractions": "10.0.4",
          "Microsoft.Extensions.Options.ConfigurationExtensions": "10.0.4"
        }
      },
      "Microsoft.Extensions.Diagnostics.Abstractions": {
        "type": "Transitive",
        "resolved": "10.0.4",
        "contentHash": "JH2RyevIwJ1E9mBsZRXR+12TnUauptKgzCdOghhk3sE+dqcxB16GoE7x+0IuqTbaixM1ESXTNoqEw/IBnhM7LQ==",
        "dependencies": {
          "Microsoft.Extensions.DependencyInjection.Abstractions": "10.0.4",
          "Microsoft.Extensions.Options": "10.0.4"
        }
      },
      "Microsoft.Extensions.Diagnostics.ExceptionSummarization": {
        "type": "Transitive",
        "resolved": "10.4.0",
        "contentHash": "1/hQmONMWxRTKXuN0pQShQN9QsqIRTS1G4fdmKW0O9phuVZjyzIROQD9Fbfwyn2t+yvP8SzjatGAPX4jDRfgHg==",
        "dependencies": {
          "Microsoft.Extensions.DependencyInjection.Abstractions": "10.0.4"
        }
      },
      "Microsoft.Extensions.FileProviders.Abstractions": {
        "type": "Transitive",
        "resolved": "10.0.4",
        "contentHash": "3hLXFZ1E/Kj3obIcb9iMCC95MpW2e8EkWxpXKgUfgGBfm+yn507pHAjPaHoi2U3GlSHIm/21DPCDLumwlMowjw==",
        "dependencies": {
          "Microsoft.Extensions.Primitives": "10.0.4"
        }
      },
      "Microsoft.Extensions.Hosting.Abstractions": {
        "type": "Transitive",
        "resolved": "10.0.4",
        "contentHash": "+5mQrqlBhqNUaPyDmFSNM/qiWStvE9LMxZW1MRF0NhEbO781xNeKryXNR9gGDJ0PmYFDAVoMT9ffX+I15LPFTw==",
        "dependencies": {
          "Microsoft.Extensions.Configuration.Abstractions": "10.0.4",
          "Microsoft.Extensions.DependencyInjection.Abstractions": "10.0.4",
          "Microsoft.Extensions.Diagnostics.Abstractions": "10.0.4",
          "Microsoft.Extensions.FileProviders.Abstractions": "10.0.4",
          "Microsoft.Extensions.Logging.Abstractions": "10.0.4"
        }
      },
      "Microsoft.Extensions.Http": {
        "type": "Transitive",
        "resolved": "10.0.4",
        "contentHash": "QRbs+A+WfiGTnV9KFNfWlF+My5euQNZnsvdVMulwRN6C/tEPaF+ZlQfedHoNvFHKLwjQMmqwm4z+TSO9eLvRQw==",
        "dependencies": {
          "Microsoft.Extensions.Configuration.Abstractions": "10.0.4",
          "Microsoft.Extensions.DependencyInjection.Abstractions": "10.0.4",
          "Microsoft.Extensions.Diagnostics": "10.0.4",
          "Microsoft.Extensions.Logging": "10.0.4",
          "Microsoft.Extensions.Logging.Abstractions": "10.0.4",
          "Microsoft.Extensions.Options": "10.0.4"
        }
      },
      "Microsoft.Extensions.Http.Diagnostics": {
        "type": "Transitive",
        "resolved": "10.4.0",
        "contentHash": "ybx2QcCWROCnUCbSj/IyHXn1c58brjjHzTTbueKgBl/qHsWk69mu25mjQ3oaMsO1I0+EcS6AhVuhIopL2q3IDw==",
        "dependencies": {
          "Microsoft.Extensions.Http": "10.0.4",
          "Microsoft.Extensions.Telemetry": "10.4.0"
        }
      },
      "Microsoft.Extensions.Logging": {
        "type": "Transitive",
        "resolved": "10.0.4",
        "contentHash": "S8+6fCuMOhJZGk8sGFtOy3VsF9mk9x4UOL59GM91REiA/fmCDjunKKIw4RmStG87qyXPfxelDJf2pXIbTuaBdw==",
        "dependencies": {
          "Microsoft.Extensions.DependencyInjection": "10.0.4",
          "Microsoft.Extensions.Logging.Abstractions": "10.0.4",
          "Microsoft.Extensions.Options": "10.0.4"
        }
      },
      "Microsoft.Extensions.Logging.Abstractions": {
        "type": "Transitive",
        "resolved": "10.0.4",
        "contentHash": "PDMMt7fvBatv6hcxxyJtXIzSwn7Dy00W6I2vDAOTYrQqNM2dF5A2L9n0uMzdPz2IPoNZWkAmYjoOCEdDLq0i4w==",
        "dependencies": {
          "Microsoft.Extensions.DependencyInjection.Abstractions": "10.0.4"
        }
      },
      "Microsoft.Extensions.Logging.Configuration": {
        "type": "Transitive",
        "resolved": "10.0.4",
        "contentHash": "XPXoOpUnWEh0pV7Vl2DK2wj47y73Krhrve5OkPrvGIWdZ4U2r47WO8hEdv+wKn65Kh4pmDdiWm7Ibo5pZX+vig==",
        "dependencies": {
          "Microsoft.Extensions.Configuration": "10.0.4",
          "Microsoft.Extensions.Configuration.Abstractions": "10.0.4",
          "Microsoft.Extensions.Configuration.Binder": "10.0.4",
          "Microsoft.Extensions.DependencyInjection.Abstractions": "10.0.4",
          "Microsoft.Extensions.Logging": "10.0.4",
          "Microsoft.Extensions.Logging.Abstractions": "10.0.4",
          "Microsoft.Extensions.Options": "10.0.4",
          "Microsoft.Extensions.Options.ConfigurationExtensions": "10.0.4"
        }
      },
      "Microsoft.Extensions.ObjectPool": {
        "type": "Transitive",
        "resolved": "10.0.4",
        "contentHash": "2pufIFOgNl/yWTOoIC9XgBnO9VxgfAjdRCnVwpE2+ICfcroGnjuEAGzJ5lTdZeAe0HvA31vMBWXtcmGB7TOq3g=="
      },
      "Microsoft.Extensions.Options": {
        "type": "Transitive",
        "resolved": "10.0.5",
        "contentHash": "MDaQMdUplw0AIRhWWmbLA7yQEXaLIHb+9CTroTiNS8OlI0LMXS4LCxtopqauiqGCWlRgJ+xyraVD8t6veRAFbw==",
        "dependencies": {
          "Microsoft.Extensions.DependencyInjection.Abstractions": "10.0.5",
          "Microsoft.Extensions.Primitives": "10.0.5"
        }
      },
      "Microsoft.Extensions.Primitives": {
        "type": "Transitive",
        "resolved": "10.0.5",
        "contentHash": "/HUHJ0tw/LQvD0DZrz50eQy/3z7PfX7WWEaXnjKTV9/TNdcgFlNTZGo49QhS7PTmhDqMyHRMqAXSBxLh0vso4g=="
      },
      "Microsoft.Extensions.Resilience": {
        "type": "Transitive",
        "resolved": "10.4.0",
        "contentHash": "41CCbJJPsDWU6NsmKfANHkfT/+KCBlZZqQ1eBoQhhW0xqGCiWmUlMdi2BoaM/GcwKHX5WiQL/IESROmgk0Owfw==",
        "dependencies": {
          "Microsoft.Extensions.Diagnostics": "10.0.4",
          "Microsoft.Extensions.Diagnostics.ExceptionSummarization": "10.4.0",
          "Microsoft.Extensions.Options.ConfigurationExtensions": "10.0.4",
          "Microsoft.Extensions.Telemetry.Abstractions": "10.4.0",
          "Polly.Extensions": "8.4.2",
          "Polly.RateLimiting": "8.4.2"
        }
      },
      "Microsoft.Extensions.Telemetry": {
        "type": "Transitive",
        "resolved": "10.4.0",
        "contentHash": "AbHleTzdpGPjA6RpOjKVHEYx7SoBRnJ2bwAbbPa3aGB7HiVwBmeTJhBGhtIBiuIW0VpKDS8x+bV5iWqpBRIf4w==",
        "dependencies": {
          "Microsoft.Extensions.AmbientMetadata.Application": "10.4.0",
          "Microsoft.Extensions.DependencyInjection.AutoActivation": "10.4.0",
          "Microsoft.Extensions.Logging.Configuration": "10.0.4",
          "Microsoft.Extensions.ObjectPool": "10.0.4",
          "Microsoft.Extensions.Telemetry.Abstractions": "10.4.0"
        }
      },
      "Microsoft.Extensions.Telemetry.Abstractions": {
        "type": "Transitive",
        "resolved": "10.4.0",
        "contentHash": "3b2uVa4voJfLLg39BPCKQS0ZgnpEZFkKf7YmnMVlM5FQJYBPOuePIQdnEK1/Oxd+w3GscxGYuE7IMOXDwixZtQ==",
        "dependencies": {
          "Microsoft.Extensions.Compliance.Abstractions": "10.4.0",
          "Microsoft.Extensions.Logging.Abstractions": "10.0.4",
          "Microsoft.Extensions.ObjectPool": "10.0.4",
          "Microsoft.Extensions.Options": "10.0.4"
        }
      },
      "Npgsql": {
        "type": "Transitive",
        "resolved": "10.0.2",
        "contentHash": "q5RfBI+wywJSFUNDE1L4ZbHEHCFTblo8Uf6A6oe4feOUFYiUQXyAf9GBh5qEZpvJaHiEbpBPkQumjEhXCJxdrg==",
        "dependencies": {
          "Microsoft.Extensions.Logging.Abstractions": "10.0.0"
        }
      },
      "Polly.Core": {
        "type": "Transitive",
        "resolved": "8.4.2",
        "contentHash": "BpE2I6HBYYA5tF0Vn4eoQOGYTYIK1BlF5EXVgkWGn3mqUUjbXAr13J6fZVbp7Q3epRR8yshacBMlsHMhpOiV3g=="
      },
      "Polly.Extensions": {
        "type": "Transitive",
        "resolved": "8.4.2",
        "contentHash": "GZ9vRVmR0jV2JtZavt+pGUsQ1O1cuRKG7R7VOZI6ZDy9y6RNPvRvXK1tuS4ffUrv8L0FTea59oEuQzgS0R7zSA==",
        "dependencies": {
          "Microsoft.Extensions.Logging.Abstractions": "8.0.0",
          "Microsoft.Extensions.Options": "8.0.0",
          "Polly.Core": "8.4.2"
        }
      },
      "Polly.RateLimiting": {
        "type": "Transitive",
        "resolved": "8.4.2",
        "contentHash": "ehTImQ/eUyO07VYW2WvwSmU9rRH200SKJ/3jku9rOkyWE0A2JxNFmAVms8dSn49QLSjmjFRRSgfNyOgr/2PSmA==",
        "dependencies": {
          "Polly.Core": "8.4.2",
          "System.Threading.RateLimiting": "8.0.0"
        }
      },
      "System.Threading.RateLimiting": {
        "type": "Transitive",
        "resolved": "8.0.0",
        "contentHash": "7mu9v0QDv66ar3DpGSZHg9NuNcxDaaAcnMULuZlaTpP9+hwXhrxNGsF5GmLkSHxFdb5bBc1TzeujsRgTrPWi+Q=="
      },
      "klinkby.booqr.core": {
        "type": "Project"
      }
    }
  }
}