{
  "version": 1,
  "dependencies": {
    "net10.0": {
      "Dapper": {
        "type": "Direct",
        "requested": "[2.1.66, )",
        "resolved": "2.1.66",
        "contentHash": "/q77jUgDOS+bzkmk3Vy9SiWMaetTw+NOoPAV0xPBsGVAyljd5S6P+4RUW7R3ZUGGr9lDRyPKgAMj2UAOwvqZYw=="
      },
      "Dapper.AOT": {
        "type": "Direct",
        "requested": "[1.0.48, )",
        "resolved": "1.0.48",
        "contentHash": "rsLM3yKr4g+YKKox9lhc8D+kz67P7Q9+xdyn1LmCsoYr1kYpJSm+Nt6slo5UrfUrcTiGJ57zUlyO8XUdV7G7iA==",
        "dependencies": {
          "System.Collections.Immutable": "9.0.1"
        }
      },
      "DotNet.ReproducibleBuilds": {
        "type": "Direct",
        "requested": "[1.2.39, )",
        "resolved": "1.2.39",
        "contentHash": "fcFN01tDTIQqDuTwr1jUQK/geofiwjG5DycJQOnC72i1SsLAk1ELe+apBOuZ11UMQG8YKFZG1FgvjZPbqHyatg=="
      },
      "Microsoft.Extensions.DependencyInjection.Abstractions": {
        "type": "Direct",
        "requested": "[10.0.0-preview.7.25380.108, )",
        "resolved": "10.0.0-preview.7.25380.108",
        "contentHash": "0oSQ8o2O8eMxaInqR1GykEzzlerBTN3xQMsEtaWA4zbf1LmrqV7H9ctTTjK4oMeWMCTb9mfYoN9fsVWbAhkTXA=="
      },
      "Microsoft.Extensions.Hosting.Abstractions": {
        "type": "Direct",
        "requested": "[9.0.10, )",
        "resolved": "9.0.10",
        "contentHash": "spfXydiEQENFwxdgr3Y57wwys/FRjfmq5VjHGPh6ct1FJK7X+qNEWYbnZJCMqq0B0oJTMvnItAReOv4mi2Idog==",
        "dependencies": {
          "Microsoft.Extensions.Configuration.Abstractions": "9.0.10",
          "Microsoft.Extensions.DependencyInjection.Abstractions": "9.0.10",
          "Microsoft.Extensions.Diagnostics.Abstractions": "9.0.10",
          "Microsoft.Extensions.FileProviders.Abstractions": "9.0.10",
          "Microsoft.Extensions.Logging.Abstractions": "9.0.10"
        }
      },
      "Microsoft.Extensions.Options.ConfigurationExtensions": {
        "type": "Direct",
        "requested": "[10.0.0-preview.7.25380.108, )",
        "resolved": "10.0.0-preview.7.25380.108",
        "contentHash": "z05jUKh7+6FTFE+Obdg6wEQqvdxNf+ty5YUZ9VjNyzYcoN9hZMbX7RucTifl4CZCJXadlv79C7ZCSmHIK4x0pw==",
        "dependencies": {
          "Microsoft.Extensions.Configuration.Abstractions": "10.0.0-preview.7.25380.108",
          "Microsoft.Extensions.Configuration.Binder": "10.0.0-preview.7.25380.108",
          "Microsoft.Extensions.DependencyInjection.Abstractions": "10.0.0-preview.7.25380.108",
          "Microsoft.Extensions.Options": "10.0.0-preview.7.25380.108",
          "Microsoft.Extensions.Primitives": "10.0.0-preview.7.25380.108"
        }
      },
      "Npgsql.DependencyInjection": {
        "type": "Direct",
        "requested": "[9.0.4, )",
        "resolved": "9.0.4",
        "contentHash": "HJBUl3PWSzwL8l7TlSRbYyLPgxqQ9HwxmdrqgAKmRuNvewT0ET8XJvuLaeYNbc3pR8oyE93vsdRxEuHeScqVTw==",
        "dependencies": {
          "Microsoft.Extensions.DependencyInjection.Abstractions": "8.0.2",
          "Npgsql": "9.0.4"
        }
      },
      "ServiceScan.SourceGenerator": {
        "type": "Direct",
        "requested": "[2.3.4, )",
        "resolved": "2.3.4",
        "contentHash": "mLA+2kFCeqKNzapzxZDrCvsn4XZ5dMGguCNYct7oEj2Axy/XNhZTaXVku5YQKMLkvRC5Cb3+WHI14sXOLpb1Aw=="
      },
      "SmartAnalyzers.ExceptionAnalyzer": {
        "type": "Direct",
        "requested": "[1.0.10, )",
        "resolved": "1.0.10",
        "contentHash": "vK2QCxSPUDXvxvgf60qqnHzpsNvW4D5yJpOyTKQbr8odSPw4M1GmDIUJuILfQo/QJb/FAE2Zzebr9pNpmbjxdw=="
      },
      "Microsoft.Extensions.Configuration": {
        "type": "Transitive",
        "resolved": "10.0.0-preview.7.25380.108",
        "contentHash": "bqeb/og5BMVpJ0cAfVgHhyNPfQa/uF/t6MhoQ9Z0kAUuOvk+hCfnSKlx2CZUzrkrWN6zK/jRXZW8RsbIxtzexw==",
        "dependencies": {
          "Microsoft.Extensions.Configuration.Abstractions": "10.0.0-preview.7.25380.108",
          "Microsoft.Extensions.Primitives": "10.0.0-preview.7.25380.108"
        }
      },
      "Microsoft.Extensions.Configuration.Abstractions": {
        "type": "Transitive",
        "resolved": "10.0.0-preview.7.25380.108",
        "contentHash": "Tos2R09p02UbSg97w7QNr+dNTKuBtmsWKy4+awTnn2d34CXDpsKkAdDis6gLmhuCjz4c0HyB5S0l2ahaqu+u7A==",
        "dependencies": {
          "Microsoft.Extensions.Primitives": "10.0.0-preview.7.25380.108"
        }
      },
      "Microsoft.Extensions.Configuration.Binder": {
        "type": "Transitive",
        "resolved": "10.0.0-preview.7.25380.108",
        "contentHash": "BAcZtIevY+MgiTX9t9iuz8CoYmGPoL1QeAlhNav8EVJmNlhKR/H7nESjxJifejcCRuwQ+dcXlFtHo1xrCMaZWA==",
        "dependencies": {
          "Microsoft.Extensions.Configuration": "10.0.0-preview.7.25380.108",
          "Microsoft.Extensions.Configuration.Abstractions": "10.0.0-preview.7.25380.108"
        }
      },
      "Microsoft.Extensions.Diagnostics.Abstractions": {
        "type": "Transitive",
        "resolved": "9.0.10",
        "contentHash": "iwVnYi+gNKrr5riw8YFCoLCN4s0dmHtzfUmV99RIhrz8R4d6C/bsKzXhIhZWDIxJOhVzB+idSOQeRGj1/oMF+Q==",
        "dependencies": {
          "Microsoft.Extensions.DependencyInjection.Abstractions": "9.0.10",
          "Microsoft.Extensions.Options": "9.0.10"
        }
      },
      "Microsoft.Extensions.FileProviders.Abstractions": {
        "type": "Transitive",
        "resolved": "9.0.10",
        "contentHash": "3+cLxZKUWBbpfIXLLuKcEok9C91PsV1h5xxfUsEnLSXXLNMiPDfrhpb1xajNFcejFPs9Ck/Fi3z71hYDqFBwYg==",
        "dependencies": {
          "Microsoft.Extensions.Primitives": "9.0.10"
        }
      },
      "Microsoft.Extensions.Logging.Abstractions": {
        "type": "Transitive",
        "resolved": "9.0.10",
        "contentHash": "MFUPv/nN1rAQ19w43smm6bbf0JDYN/1HEPHoiMYY50pvDMFpglzWAuoTavByDmZq7UuhjaxwrET3joU69ZHoHQ==",
        "dependencies": {
          "Microsoft.Extensions.DependencyInjection.Abstractions": "9.0.10"
        }
      },
      "Microsoft.Extensions.Options": {
        "type": "Transitive",
        "resolved": "10.0.0-preview.7.25380.108",
        "contentHash": "kG3XdCpBiMSxPsAeMCy8YhHpe3sUlSoBGuZQfTcC/VaWKrvpQ5OrbhBCfb/SOPLzWexijSsDwtgjYenRvqE91Q==",
        "dependencies": {
          "Microsoft.Extensions.DependencyInjection.Abstractions": "10.0.0-preview.7.25380.108",
          "Microsoft.Extensions.Primitives": "10.0.0-preview.7.25380.108"
        }
      },
      "Microsoft.Extensions.Primitives": {
        "type": "Transitive",
        "resolved": "10.0.0-preview.7.25380.108",
        "contentHash": "0oC37fX0irgi29vN8JQdvXn1jZI6upCIs8Q8J+loetDrWrB3fwYBqbUdz/mMS41G+kkjCSaGRfZM8dBiZqqMpw=="
      },
      "Npgsql": {
        "type": "Transitive",
        "resolved": "9.0.4",
        "contentHash": "68BASXH0FAEuL/J4J0eRfYC8/3vzqQTmoW8zDzNf0JgaVxc7LZeEkS6jaG0ib3voFLxY5ZiCwJG+uQM+mzuu0Q==",
        "dependencies": {
          "Microsoft.Extensions.Logging.Abstractions": "8.0.2"
        }
      },
      "System.Collections.Immutable": {
        "type": "Transitive",
        "resolved": "9.0.1",
        "contentHash": "qt4+ClsZYKzar/Rw1zbt0t9iuBUCLVNsjXicEuVQyKL7143CwhWzI2gTwzz8AhSaFYVHnpcb8SBGA+zaY4weUg=="
      },
      "klinkby.booqr.core": {
        "type": "Project"
      }
    }
  }
}