{
  "version": 1,
  "dependencies": {
    "net10.0": {
      "BCrypt.Net-Next": {
        "type": "Direct",
        "requested": "[4.0.3, )",
        "resolved": "4.0.3",
        "contentHash": "W+U9WvmZQgi5cX6FS5GDtDoPzUCV4LkBLkywq/kRZhuDwcbavOzcDAr3LXJFqHUi952Yj3LEYoWW0jbEUQChsA=="
      },
      "DotNet.ReproducibleBuilds": {
        "type": "Direct",
        "requested": "[1.2.39, )",
        "resolved": "1.2.39",
        "contentHash": "fcFN01tDTIQqDuTwr1jUQK/geofiwjG5DycJQOnC72i1SsLAk1ELe+apBOuZ11UMQG8YKFZG1FgvjZPbqHyatg=="
      },
      "Microsoft.Extensions.DependencyInjection.Abstractions": {
        "type": "Direct",
        "requested": "[10.0.0-preview.7.25380.108, )",
        "resolved": "10.0.0-preview.7.25380.108",
        "contentHash": "0oSQ8o2O8eMxaInqR1GykEzzlerBTN3xQMsEtaWA4zbf1LmrqV7H9ctTTjK4oMeWMCTb9mfYoN9fsVWbAhkTXA=="
      },
      "Microsoft.Extensions.Logging.Abstractions": {
        "type": "Direct",
        "requested": "[10.0.0-preview.7.25380.108, )",
        "resolved": "10.0.0-preview.7.25380.108",
        "contentHash": "qfx62EG7wvjym/GusNX+kzqPByIVYiXyqBYaObQlIch5YukiVd4ovUJHALYt11jpcxpv9nmjgmqahIluf2j5xA==",
        "dependencies": {
          "Microsoft.Extensions.DependencyInjection.Abstractions": "10.0.0-preview.7.25380.108"
        }
      },
      "Microsoft.Extensions.Options.ConfigurationExtensions": {
        "type": "Direct",
        "requested": "[10.0.0-preview.7.25380.108, )",
        "resolved": "10.0.0-preview.7.25380.108",
        "contentHash": "z05jUKh7+6FTFE+Obdg6wEQqvdxNf+ty5YUZ9VjNyzYcoN9hZMbX7RucTifl4CZCJXadlv79C7ZCSmHIK4x0pw==",
        "dependencies": {
          "Microsoft.Extensions.Configuration.Abstractions": "10.0.0-preview.7.25380.108",
          "Microsoft.Extensions.Configuration.Binder": "10.0.0-preview.7.25380.108",
          "Microsoft.Extensions.DependencyInjection.Abstractions": "10.0.0-preview.7.25380.108",
          "Microsoft.Extensions.Options": "10.0.0-preview.7.25380.108",
          "Microsoft.Extensions.Primitives": "10.0.0-preview.7.25380.108"
        }
      },
      "ServiceScan.SourceGenerator": {
        "type": "Direct",
        "requested": "[2.3.4, )",
        "resolved": "2.3.4",
        "contentHash": "mLA+2kFCeqKNzapzxZDrCvsn4XZ5dMGguCNYct7oEj2Axy/XNhZTaXVku5YQKMLkvRC5Cb3+WHI14sXOLpb1Aw=="
      },
      "SmartAnalyzers.ExceptionAnalyzer": {
        "type": "Direct",
        "requested": "[1.0.10, )",
        "resolved": "1.0.10",
        "contentHash": "vK2QCxSPUDXvxvgf60qqnHzpsNvW4D5yJpOyTKQbr8odSPw4M1GmDIUJuILfQo/QJb/FAE2Zzebr9pNpmbjxdw=="
      },
      "System.IdentityModel.Tokens.Jwt": {
        "type": "Direct",
        "requested": "[8.14.0, )",
        "resolved": "8.14.0",
        "contentHash": "EYGgN/S+HK7S6F3GaaPLFAfK0UzMrkXFyWCvXpQWFYmZln3dqtbyIO7VuTM/iIIPMzkelg8ZLlBPvMhxj6nOAA==",
        "dependencies": {
          "Microsoft.IdentityModel.JsonWebTokens": "8.14.0",
          "Microsoft.IdentityModel.Tokens": "8.14.0"
        }
      },
      "Microsoft.Extensions.Configuration": {
        "type": "Transitive",
        "resolved": "10.0.0-preview.7.25380.108",
        "contentHash": "bqeb/og5BMVpJ0cAfVgHhyNPfQa/uF/t6MhoQ9Z0kAUuOvk+hCfnSKlx2CZUzrkrWN6zK/jRXZW8RsbIxtzexw==",
        "dependencies": {
          "Microsoft.Extensions.Configuration.Abstractions": "10.0.0-preview.7.25380.108",
          "Microsoft.Extensions.Primitives": "10.0.0-preview.7.25380.108"
        }
      },
      "Microsoft.Extensions.Configuration.Abstractions": {
        "type": "Transitive",
        "resolved": "10.0.0-preview.7.25380.108",
        "contentHash": "Tos2R09p02UbSg97w7QNr+dNTKuBtmsWKy4+awTnn2d34CXDpsKkAdDis6gLmhuCjz4c0HyB5S0l2ahaqu+u7A==",
        "dependencies": {
          "Microsoft.Extensions.Primitives": "10.0.0-preview.7.25380.108"
        }
      },
      "Microsoft.Extensions.Configuration.Binder": {
        "type": "Transitive",
        "resolved": "10.0.0-preview.7.25380.108",
        "contentHash": "BAcZtIevY+MgiTX9t9iuz8CoYmGPoL1QeAlhNav8EVJmNlhKR/H7nESjxJifejcCRuwQ+dcXlFtHo1xrCMaZWA==",
        "dependencies": {
          "Microsoft.Extensions.Configuration": "10.0.0-preview.7.25380.108",
          "Microsoft.Extensions.Configuration.Abstractions": "10.0.0-preview.7.25380.108"
        }
      },
      "Microsoft.Extensions.Options": {
        "type": "Transitive",
        "resolved": "10.0.0-preview.7.25380.108",
        "contentHash": "kG3XdCpBiMSxPsAeMCy8YhHpe3sUlSoBGuZQfTcC/VaWKrvpQ5OrbhBCfb/SOPLzWexijSsDwtgjYenRvqE91Q==",
        "dependencies": {
          "Microsoft.Extensions.DependencyInjection.Abstractions": "10.0.0-preview.7.25380.108",
          "Microsoft.Extensions.Primitives": "10.0.0-preview.7.25380.108"
        }
      },
      "Microsoft.Extensions.Primitives": {
        "type": "Transitive",
        "resolved": "10.0.0-preview.7.25380.108",
        "contentHash": "0oC37fX0irgi29vN8JQdvXn1jZI6upCIs8Q8J+loetDrWrB3fwYBqbUdz/mMS41G+kkjCSaGRfZM8dBiZqqMpw=="
      },
      "Microsoft.IdentityModel.Abstractions": {
        "type": "Transitive",
        "resolved": "8.14.0",
        "contentHash": "iwbCpSjD3ehfTwBhtSNEtKPK0ICun6ov7Ibx6ISNA9bfwIyzI2Siwyi9eJFCJBwxowK9xcA1mj+jBWiigeqgcQ=="
      },
      "Microsoft.IdentityModel.JsonWebTokens": {
        "type": "Transitive",
        "resolved": "8.14.0",
        "contentHash": "4jOpiA4THdtpLyMdAb24dtj7+6GmvhOhxf5XHLYWmPKF8ApEnApal1UnJsKO4HxUWRXDA6C4WQVfYyqsRhpNpQ==",
        "dependencies": {
          "Microsoft.IdentityModel.Tokens": "8.14.0"
        }
      },
      "Microsoft.IdentityModel.Logging": {
        "type": "Transitive",
        "resolved": "8.14.0",
        "contentHash": "eqqnemdW38CKZEHS6diA50BV94QICozDZEvSrsvN3SJXUFwVB9gy+/oz76gldP7nZliA16IglXjXTCTdmU/Ejg==",
        "dependencies": {
          "Microsoft.IdentityModel.Abstractions": "8.14.0"
        }
      },
      "Microsoft.IdentityModel.Tokens": {
        "type": "Transitive",
        "resolved": "8.14.0",
        "contentHash": "lKIZiBiGd36k02TCdMHp1KlNWisyIvQxcYJvIkz7P4gSQ9zi8dgh6S5Grj8NNG7HWYIPfQymGyoZ6JB5d1Lo1g==",
        "dependencies": {
          "Microsoft.Extensions.Logging.Abstractions": "8.0.0",
          "Microsoft.IdentityModel.Logging": "8.14.0"
        }
      },
      "klinkby.booqr.core": {
        "type": "Project"
      }
    }
  }
}