{
  "version": 1,
  "dependencies": {
    "net10.0": {
      "BCrypt.Net-Next": {
        "type": "Direct",
        "requested": "[4.0.3, )",
        "resolved": "4.0.3",
        "contentHash": "W+U9WvmZQgi5cX6FS5GDtDoPzUCV4LkBLkywq/kRZhuDwcbavOzcDAr3LXJFqHUi952Yj3LEYoWW0jbEUQChsA=="
      },
      "Chorn.EmbeddedResourceAccessGenerator": {
        "type": "Direct",
        "requested": "[1.1.5, )",
        "resolved": "1.1.5",
        "contentHash": "VqRh0xJnRGfH9jjh2ryE8bdb1DWmbouG53bp8VJxjc7pKAhpJQhZtErf4NJPpsavkqNgNPH9cqnABa3rxAZDtg=="
      },
      "DotNet.ReproducibleBuilds": {
        "type": "Direct",
        "requested": "[2.0.1, )",
        "resolved": "2.0.1",
        "contentHash": "8rbExxnDIsdpJ16tmX7jwXZYA864OXQhAvQRPX+LLaxDPI1eCTWg6AZP85dJrOLv1Ib9fp0KGKY+zHgnSBSamQ=="
      },
      "Microsoft.Extensions.Configuration": {
        "type": "Direct",
        "requested": "[10.0.2, )",
        "resolved": "10.0.2",
        "contentHash": "Lws+o4DFw6p5NquRoYA3d5QVvi49ugNw7TxbW4QGLsL8F1LCCyJqWFy0+RMQ/hzUuS9aKV5NJ/XGAF5N9/RQcQ==",
        "dependencies": {
          "Microsoft.Extensions.Configuration.Abstractions": "10.0.2",
          "Microsoft.Extensions.Primitives": "10.0.2"
        }
      },
      "Microsoft.Extensions.DependencyInjection.Abstractions": {
        "type": "Direct",
        "requested": "[10.0.1, )",
        "resolved": "10.0.1",
        "contentHash": "oIy8fQxxbUsSrrOvgBqlVgOeCtDmrcynnTG+FQufcUWBrwyPfwlUkCDB2vaiBeYPyT+20u9/HeuHeBf+H4F/8g=="
      },
      "Microsoft.Extensions.Hosting.Abstractions": {
        "type": "Direct",
        "requested": "[10.0.0, )",
        "resolved": "10.0.0",
        "contentHash": "KrN6TGFwCwqOkLLk/idW/XtDQh+8In+CL9T4M1Dx+5ScsjTq4TlVbal8q532m82UYrMr6RiQJF2HvYCN0QwVsA==",
        "dependencies": {
          "Microsoft.Extensions.Configuration.Abstractions": "10.0.0",
          "Microsoft.Extensions.DependencyInjection.Abstractions": "10.0.0",
          "Microsoft.Extensions.Diagnostics.Abstractions": "10.0.0",
          "Microsoft.Extensions.FileProviders.Abstractions": "10.0.0",
          "Microsoft.Extensions.Logging.Abstractions": "10.0.0"
        }
      },
      "Microsoft.Extensions.Logging.Abstractions": {
        "type": "Direct",
        "requested": "[10.0.0, )",
        "resolved": "10.0.0",
        "contentHash": "FU/IfjDfwaMuKr414SSQNTIti/69bHEMb+QKrskRb26oVqpx3lNFXMjs/RC9ZUuhBhcwDM2BwOgoMw+PZ+beqQ==",
        "dependencies": {
          "Microsoft.Extensions.DependencyInjection.Abstractions": "10.0.0"
        }
      },
      "Microsoft.Extensions.Options.ConfigurationExtensions": {
        "type": "Direct",
        "requested": "[10.0.0, )",
        "resolved": "10.0.0",
        "contentHash": "tL9cSl3maS5FPzp/3MtlZI21ExWhni0nnUCF8HY4npTsINw45n9SNDbkKXBMtFyUFGSsQep25fHIDN4f/Vp3AQ==",
        "dependencies": {
          "Microsoft.Extensions.Configuration.Abstractions": "10.0.0",
          "Microsoft.Extensions.Configuration.Binder": "10.0.0",
          "Microsoft.Extensions.DependencyInjection.Abstractions": "10.0.0",
          "Microsoft.Extensions.Options": "10.0.0",
          "Microsoft.Extensions.Primitives": "10.0.0"
        }
      },
      "Microsoft.Extensions.Options.DataAnnotations": {
        "type": "Direct",
        "requested": "[10.0.0, )",
        "resolved": "10.0.0",
        "contentHash": "nwyF0pUubUWgzxw5y0g1Vsp2n/Psv4V7HekgUTlFK/pNlzZaQOBp56ww5GFeg4GpaMK8Lu+02XIEjqzoIcFJGw==",
        "dependencies": {
          "Microsoft.Extensions.DependencyInjection.Abstractions": "10.0.0",
          "Microsoft.Extensions.Options": "10.0.0"
        }
      },
      "ServiceScan.SourceGenerator": {
        "type": "Direct",
        "requested": "[2.4.1, )",
        "resolved": "2.4.1",
        "contentHash": "1ZFb7xghGhdYC3OTVahLhk3QQ237sc1WLfjpv4gN5VV+d+DTG+OXd1LLEF/SlNIgAAHKsDzV8vCHAzWfQKIFgw=="
      },
      "SmartAnalyzers.ExceptionAnalyzer": {
        "type": "Direct",
        "requested": "[1.0.10, )",
        "resolved": "1.0.10",
        "contentHash": "vK2QCxSPUDXvxvgf60qqnHzpsNvW4D5yJpOyTKQbr8odSPw4M1GmDIUJuILfQo/QJb/FAE2Zzebr9pNpmbjxdw=="
      },
      "System.IdentityModel.Tokens.Jwt": {
        "type": "Direct",
        "requested": "[8.15.0, )",
        "resolved": "8.15.0",
        "contentHash": "dpodi7ixz6hxK8YCBYAWzm0IA8JYXoKcz0hbCbNifo519//rjUI0fBD8rfNr+IGqq+2gm4oQoXwHk09LX5SqqQ==",
        "dependencies": {
          "Microsoft.IdentityModel.JsonWebTokens": "8.15.0",
          "Microsoft.IdentityModel.Tokens": "8.15.0"
        }
      },
      "Microsoft.Extensions.Configuration.Abstractions": {
        "type": "Transitive",
        "resolved": "10.0.2",
        "contentHash": "KC5PslaTDnTuTvyke0KYAVBYdZ7IVTsU3JhHe69BpEbHLcj1YThP3bIGtZNOkZfast2AuLnul5lk4rZKxAdUGQ==",
        "dependencies": {
          "Microsoft.Extensions.Primitives": "10.0.2"
        }
      },
      "Microsoft.Extensions.Configuration.Binder": {
        "type": "Transitive",
        "resolved": "10.0.0",
        "contentHash": "tMF9wNh+hlyYDWB8mrFCQHQmWHlRosol1b/N2Jrefy1bFLnuTlgSYmPyHNmz8xVQgs7DpXytBRWxGhG+mSTp0g==",
        "dependencies": {
          "Microsoft.Extensions.Configuration": "10.0.0",
          "Microsoft.Extensions.Configuration.Abstractions": "10.0.0"
        }
      },
      "Microsoft.Extensions.Diagnostics.Abstractions": {
        "type": "Transitive",
        "resolved": "10.0.0",
        "contentHash": "SfK89ytD61S7DgzorFljSkUeluC1ncn6dtZgwc0ot39f/BEYWBl5jpgvodxduoYAs1d9HG8faCDRZxE95UMo2A==",
        "dependencies": {
          "Microsoft.Extensions.DependencyInjection.Abstractions": "10.0.0",
          "Microsoft.Extensions.Options": "10.0.0"
        }
      },
      "Microsoft.Extensions.FileProviders.Abstractions": {
        "type": "Transitive",
        "resolved": "10.0.0",
        "contentHash": "/ppSdehKk3fuXjlqCDgSOtjRK/pSHU8eWgzSHfHdwVm5BP4Dgejehkw+PtxKG2j98qTDEHDst2Y99aNsmJldmw==",
        "dependencies": {
          "Microsoft.Extensions.Primitives": "10.0.0"
        }
      },
      "Microsoft.Extensions.Options": {
        "type": "Transitive",
        "resolved": "10.0.0",
        "contentHash": "8oCAgXOow5XDrY9HaXX1QmH3ORsyZO/ANVHBlhLyCeWTH5Sg4UuqZeOTWJi6484M+LqSx0RqQXDJtdYy2BNiLQ==",
        "dependencies": {
          "Microsoft.Extensions.DependencyInjection.Abstractions": "10.0.0",
          "Microsoft.Extensions.Primitives": "10.0.0"
        }
      },
      "Microsoft.Extensions.Primitives": {
        "type": "Transitive",
        "resolved": "10.0.2",
        "contentHash": "QmSiO+oLBEooGgB3i0GRXyeYRDHjllqt3k365jwfZlYWhvSHA3UL2NEVV5m8aZa041eIlblo6KMI5txvTMpTwA=="
      },
      "Microsoft.IdentityModel.Abstractions": {
        "type": "Transitive",
        "resolved": "8.15.0",
        "contentHash": "e/DApa1GfxUqHSBHcpiQg8yaghKAvFVBQFcWh25jNoRobDZbduTUACY8bZ54eeGWXvimGmEDdF0zkS5Dq16XPQ=="
      },
      "Microsoft.IdentityModel.JsonWebTokens": {
        "type": "Transitive",
        "resolved": "8.15.0",
        "contentHash": "3513f5VzvOZy3ELd42wGnh1Q3e83tlGAuXFSNbENpgWYoAhLLzgFtd5PiaOPGAU0gqKhYGVzKavghLUGfX3HQg==",
        "dependencies": {
          "Microsoft.IdentityModel.Tokens": "8.15.0"
        }
      },
      "Microsoft.IdentityModel.Logging": {
        "type": "Transitive",
        "resolved": "8.15.0",
        "contentHash": "1gJLjhy0LV2RQMJ9NGzi5Tnb2l+c37o8D8Lrk2mrvmb6OQHZ7XJstd/XxvncXgBpad4x9CGXdipbZzJJCXKyAg==",
        "dependencies": {
          "Microsoft.IdentityModel.Abstractions": "8.15.0"
        }
      },
      "Microsoft.IdentityModel.Tokens": {
        "type": "Transitive",
        "resolved": "8.15.0",
        "contentHash": "zUE9ysJXBtXlHHRtcRK3Sp8NzdCI1z/BRDTXJQ2TvBoI0ENRtnufYIep0O5TSCJRJGDwwuLTUx+l/bEYZUxpCA==",
        "dependencies": {
          "Microsoft.Extensions.Logging.Abstractions": "10.0.0",
          "Microsoft.IdentityModel.Logging": "8.15.0"
        }
      },
      "klinkby.booqr.core": {
        "type": "Project"
      }
    }
  }
}