{
  "version": 1,
  "dependencies": {
    "net10.0": {
      "DotNet.ReproducibleBuilds": {
        "type": "Direct",
        "requested": "[1.2.39, )",
        "resolved": "1.2.39",
        "contentHash": "fcFN01tDTIQqDuTwr1jUQK/geofiwjG5DycJQOnC72i1SsLAk1ELe+apBOuZ11UMQG8YKFZG1FgvjZPbqHyatg=="
      },
      "Microsoft.NET.ILLink.Tasks": {
        "type": "Direct",
        "requested": "[10.0.0, )",
        "resolved": "10.0.0",
        "contentHash": "kICGrGYEzCNI3wPzfEXcwNHgTvlvVn9yJDhSdRK+oZQy4jvYH529u7O0xf5ocQKzOMjfS07+3z9PKRIjrFMJDA=="
      },
      "SmartAnalyzers.ExceptionAnalyzer": {
        "type": "Direct",
        "requested": "[1.0.10, )",
        "resolved": "1.0.10",
        "contentHash": "vK2QCxSPUDXvxvgf60qqnHzpsNvW4D5yJpOyTKQbr8odSPw4M1GmDIUJuILfQo/QJb/FAE2Zzebr9pNpmbjxdw=="
      }
    },
    "net10.0/win-x64": {}
  }
}